
Microsoft Visual Studio Solution File, Format Version 12.00
# Visual Studio Version 16
VisualStudioVersion = 16.0.31129.286
MinimumVisualStudioVersion = 10.0.40219.1
Project("{FAE04EC0-301F-11D3-BF4B-00C04F79EFBC}") = "111-二叉树的最小深度", "111-二叉树的最小深度\111-二叉树的最小深度.csproj", "{B34C7BF4-4AFC-400B-BBF4-E4A3ACE158E9}"
EndProject
Global
	GlobalSection(SolutionConfigurationPlatforms) = preSolution
		Debug|Any CPU = Debug|Any CPU
		Release|Any CPU = Release|Any CPU
	EndGlobalSection
	GlobalSection(ProjectConfigurationPlatforms) = postSolution
		{B34C7BF4-4AFC-400B-BBF4-E4A3ACE158E9}.Debug|Any CPU.ActiveCfg = Debug|Any CPU
		{B34C7BF4-4AFC-400B-BBF4-E4A3ACE158E9}.Debug|Any CPU.Build.0 = Debug|Any CPU
		{B34C7BF4-4AFC-400B-BBF4-E4A3ACE158E9}.Release|Any CPU.ActiveCfg = Release|Any CPU
		{B34C7BF4-4AFC-400B-BBF4-E4A3ACE158E9}.Release|Any CPU.Build.0 = Release|Any CPU
	EndGlobalSection
	GlobalSection(SolutionProperties) = preSolution
		HideSolutionNode = FALSE
	EndGlobalSection
	GlobalSection(ExtensibilityGlobals) = postSolution
		SolutionGuid = {6BF15EAE-8FF8-4711-98BE-AA9F044B3E29}
	EndGlobalSection
EndGlobal
