
Microsoft Visual Studio Solution File, Format Version 12.00
# Visual Studio Version 16
VisualStudioVersion = 16.0.31129.286
MinimumVisualStudioVersion = 10.0.40219.1
Project("{FAE04EC0-301F-11D3-BF4B-00C04F79EFBC}") = "22-括号生成", "22-括号生成.csproj", "{4735A3ED-4783-422B-B49E-EEF51C915EE9}"
EndProject
Global
	GlobalSection(SolutionConfigurationPlatforms) = preSolution
		Debug|Any CPU = Debug|Any CPU
		Release|Any CPU = Release|Any CPU
	EndGlobalSection
	GlobalSection(ProjectConfigurationPlatforms) = postSolution
		{4735A3ED-4783-422B-B49E-EEF51C915EE9}.Debug|Any CPU.ActiveCfg = Debug|Any CPU
		{4735A3ED-4783-422B-B49E-EEF51C915EE9}.Debug|Any CPU.Build.0 = Debug|Any CPU
		{4735A3ED-4783-422B-B49E-EEF51C915EE9}.Release|Any CPU.ActiveCfg = Release|Any CPU
		{4735A3ED-4783-422B-B49E-EEF51C915EE9}.Release|Any CPU.Build.0 = Release|Any CPU
	EndGlobalSection
	GlobalSection(SolutionProperties) = preSolution
		HideSolutionNode = FALSE
	EndGlobalSection
	GlobalSection(ExtensibilityGlobals) = postSolution
		SolutionGuid = {912A8AA5-DE96-4CE7-A547-50187A785E95}
	EndGlobalSection
EndGlobal
