
Microsoft Visual Studio Solution File, Format Version 12.00
# Visual Studio Version 16
VisualStudioVersion = 16.0.31129.286
MinimumVisualStudioVersion = 10.0.40219.1
Project("{FAE04EC0-301F-11D3-BF4B-00C04F79EFBC}") = "242-有效的字母异位词", "242-有效的字母异位词.csproj", "{7FA5E903-05BC-4C4F-BBA2-ED03801C9653}"
EndProject
Global
	GlobalSection(SolutionConfigurationPlatforms) = preSolution
		Debug|Any CPU = Debug|Any CPU
		Release|Any CPU = Release|Any CPU
	EndGlobalSection
	GlobalSection(ProjectConfigurationPlatforms) = postSolution
		{7FA5E903-05BC-4C4F-BBA2-ED03801C9653}.Debug|Any CPU.ActiveCfg = Debug|Any CPU
		{7FA5E903-05BC-4C4F-BBA2-ED03801C9653}.Debug|Any CPU.Build.0 = Debug|Any CPU
		{7FA5E903-05BC-4C4F-BBA2-ED03801C9653}.Release|Any CPU.ActiveCfg = Release|Any CPU
		{7FA5E903-05BC-4C4F-BBA2-ED03801C9653}.Release|Any CPU.Build.0 = Release|Any CPU
	EndGlobalSection
	GlobalSection(SolutionProperties) = preSolution
		HideSolutionNode = FALSE
	EndGlobalSection
	GlobalSection(ExtensibilityGlobals) = postSolution
		SolutionGuid = {0D64CA39-6ED7-4B55-BC06-AD66FB85E72A}
	EndGlobalSection
EndGlobal
