
Microsoft Visual Studio Solution File, Format Version 12.00
# Visual Studio Version 16
VisualStudioVersion = 16.0.31129.286
MinimumVisualStudioVersion = 10.0.40219.1
Project("{FAE04EC0-301F-11D3-BF4B-00C04F79EFBC}") = "206-反转链表", "206-反转链表.csproj", "{EDE0E8BD-168F-4DB1-BA2C-2D6907CD469B}"
EndProject
Global
	GlobalSection(SolutionConfigurationPlatforms) = preSolution
		Debug|Any CPU = Debug|Any CPU
		Release|Any CPU = Release|Any CPU
	EndGlobalSection
	GlobalSection(ProjectConfigurationPlatforms) = postSolution
		{EDE0E8BD-168F-4DB1-BA2C-2D6907CD469B}.Debug|Any CPU.ActiveCfg = Debug|Any CPU
		{EDE0E8BD-168F-4DB1-BA2C-2D6907CD469B}.Debug|Any CPU.Build.0 = Debug|Any CPU
		{EDE0E8BD-168F-4DB1-BA2C-2D6907CD469B}.Release|Any CPU.ActiveCfg = Release|Any CPU
		{EDE0E8BD-168F-4DB1-BA2C-2D6907CD469B}.Release|Any CPU.Build.0 = Release|Any CPU
	EndGlobalSection
	GlobalSection(SolutionProperties) = preSolution
		HideSolutionNode = FALSE
	EndGlobalSection
	GlobalSection(ExtensibilityGlobals) = postSolution
		SolutionGuid = {777D04B9-2CB9-447D-9BC8-3E5853A46A41}
	EndGlobalSection
EndGlobal
