
Microsoft Visual Studio Solution File, Format Version 12.00
# Visual Studio Version 16
VisualStudioVersion = 16.0.29613.14
MinimumVisualStudioVersion = 10.0.40219.1
Project("{FAE04EC0-301F-11D3-BF4B-00C04F79EFBC}") = "94-二叉树的中序遍历", "94-二叉树的中序遍历\94-二叉树的中序遍历.csproj", "{547BAEB9-F4A8-435E-A727-3D91BB71686E}"
EndProject
Global
	GlobalSection(SolutionConfigurationPlatforms) = preSolution
		Debug|Any CPU = Debug|Any CPU
		Release|Any CPU = Release|Any CPU
	EndGlobalSection
	GlobalSection(ProjectConfigurationPlatforms) = postSolution
		{547BAEB9-F4A8-435E-A727-3D91BB71686E}.Debug|Any CPU.ActiveCfg = Debug|Any CPU
		{547BAEB9-F4A8-435E-A727-3D91BB71686E}.Debug|Any CPU.Build.0 = Debug|Any CPU
		{547BAEB9-F4A8-435E-A727-3D91BB71686E}.Release|Any CPU.ActiveCfg = Release|Any CPU
		{547BAEB9-F4A8-435E-A727-3D91BB71686E}.Release|Any CPU.Build.0 = Release|Any CPU
	EndGlobalSection
	GlobalSection(SolutionProperties) = preSolution
		HideSolutionNode = FALSE
	EndGlobalSection
	GlobalSection(ExtensibilityGlobals) = postSolution
		SolutionGuid = {3378D12D-7857-4E50-A40B-710413BBD24F}
	EndGlobalSection
EndGlobal
