
Microsoft Visual Studio Solution File, Format Version 12.00
# Visual Studio Version 16
VisualStudioVersion = 16.0.29613.14
MinimumVisualStudioVersion = 10.0.40219.1
Project("{FAE04EC0-301F-11D3-BF4B-00C04F79EFBC}") = "两个数组的交集", "算法\两个数组的交集.csproj", "{45742E20-3CB1-42A8-AD35-65A3F6CE6DAD}"
EndProject
Project("{FAE04EC0-301F-11D3-BF4B-00C04F79EFBC}") = "14-最长公共前缀", "最长公共前缀\14-最长公共前缀.csproj", "{F6FF8079-C45E-4C55-A281-D625D01332AD}"
EndProject
Project("{FAE04EC0-301F-11D3-BF4B-00C04F79EFBC}") = "6-Z字形变换", "Z字形变换\6-Z字形变换.csproj", "{2697EF75-8ADA-4760-A645-B8DCB680C235}"
EndProject
Project("{FAE04EC0-301F-11D3-BF4B-00C04F79EFBC}") = "整数反转", "整数反转\整数反转.csproj", "{AAF9F2F8-25FB-4B85-996A-CCC02B309847}"
EndProject
Project("{FAE04EC0-301F-11D3-BF4B-00C04F79EFBC}") = "回文数", "回文数\回文数.csproj", "{18F55D3F-1C43-417A-98F6-A6C3DEF75CE9}"
EndProject
Project("{FAE04EC0-301F-11D3-BF4B-00C04F79EFBC}") = "买卖股票的最佳时机", "买卖股票的最佳时机\买卖股票的最佳时机.csproj", "{36DF64E8-BFE6-4B5D-8932-0A2C5C876024}"
EndProject
Project("{FAE04EC0-301F-11D3-BF4B-00C04F79EFBC}") = "字符串转换为整数", "字符串转换为整数\字符串转换为整数.csproj", "{CAACC346-6DEF-4BFD-B8EA-CDDD533F0819}"
EndProject
Project("{FAE04EC0-301F-11D3-BF4B-00C04F79EFBC}") = "旋转数组", "旋转数组\旋转数组.csproj", "{FE107E31-CB43-4252-958A-8C05B792EE81}"
EndProject
Project("{FAE04EC0-301F-11D3-BF4B-00C04F79EFBC}") = "原地删除", "原地删除\原地删除.csproj", "{3915149D-84BC-45FD-8280-33FBCB6FCFF7}"
EndProject
Project("{FAE04EC0-301F-11D3-BF4B-00C04F79EFBC}") = "删除重复数组中的重复项", "删除重复数组中的重复项\删除重复数组中的重复项.csproj", "{3730D65B-A53F-4F84-9B19-D95B7C5191BB}"
EndProject
Project("{FAE04EC0-301F-11D3-BF4B-00C04F79EFBC}") = "283-移动0", "283-移动0\283-移动0.csproj", "{DB8807A3-8BA8-4C7A-B35A-C12AC6773C1C}"
EndProject
Project("{FAE04EC0-301F-11D3-BF4B-00C04F79EFBC}") = "66-加一", "66-加一\66-加一.csproj", "{5243ACAE-B3CB-427C-B02F-6F3D75BFC18A}"
EndProject
Project("{FAE04EC0-301F-11D3-BF4B-00C04F79EFBC}") = "1-两数之和", "1-两数之和\1-两数之和.csproj", "{254441FA-115E-4146-8837-3AAEB21473BD}"
EndProject
Project("{FAE04EC0-301F-11D3-BF4B-00C04F79EFBC}") = "15-三数之和", "15-三数之和\15-三数之和.csproj", "{6902BA6F-EBC3-4BD1-ADBA-F23920000C95}"
EndProject
Project("{FAE04EC0-301F-11D3-BF4B-00C04F79EFBC}") = "19-删除链表的倒数第n个节点", "19-删除链表的倒数第n个节点\19-删除链表的倒数第n个节点.csproj", "{1D7ACA19-D1AA-44EB-937F-4BACE04D03C4}"
EndProject
Project("{FAE04EC0-301F-11D3-BF4B-00C04F79EFBC}") = "21-合并两个有序链表", "21-合并两个有序链表\21-合并两个有序链表.csproj", "{71C39455-BE13-4D20-BB52-142483984047}"
EndProject
Project("{FAE04EC0-301F-11D3-BF4B-00C04F79EFBC}") = "两数相加", "两数相加\两数相加.csproj", "{75A32583-D8D0-4609-9A4F-515E5FE3DD9F}"
EndProject
Project("{FAE04EC0-301F-11D3-BF4B-00C04F79EFBC}") = "141_环形链表", "21-环形链表\141_环形链表.csproj", "{E9BAA6AA-7CE2-46EF-9ACA-77E103A47535}"
EndProject
Project("{FAE04EC0-301F-11D3-BF4B-00C04F79EFBC}") = "70-爬楼梯", "70-爬楼梯\70-爬楼梯.csproj", "{E3590FA6-05F3-4A81-9B76-069EE48A5424}"
EndProject
Project("{FAE04EC0-301F-11D3-BF4B-00C04F79EFBC}") = "53-最大子序和", "53-最大子序和\53-最大子序和.csproj", "{504D04A9-58E8-4A47-92A9-575BF17961B8}"
EndProject
Project("{FAE04EC0-301F-11D3-BF4B-00C04F79EFBC}") = "300-最大上升子序列", "ConsoleApp1\300-最大上升子序列.csproj", "{62CA6924-E1A9-45B3-B784-D409441DE3E2}"
EndProject
Project("{FAE04EC0-301F-11D3-BF4B-00C04F79EFBC}") = "198-打家劫舍", "打家劫舍\198-打家劫舍.csproj", "{F09ED0A6-1620-45EA-9650-77DBB433E2A8}"
EndProject
Project("{FAE04EC0-301F-11D3-BF4B-00C04F79EFBC}") = "120-三角形最小路径和", "120-三角形最小路径和\120-三角形最小路径和.csproj", "{10185B0C-564E-4093-862C-45B3844E64EF}"
EndProject
Project("{FAE04EC0-301F-11D3-BF4B-00C04F79EFBC}") = "64-最小路径和", "64-最小路径和\64-最小路径和.csproj", "{5DDD7DB9-0D4F-4F97-AB61-A50BA7CF9D85}"
EndProject
Project("{FAE04EC0-301F-11D3-BF4B-00C04F79EFBC}") = "344-反转字符串", "344-反转字符串\344-反转字符串.csproj", "{B27CF38C-9165-4435-8534-77D946363EE7}"
EndProject
Project("{FAE04EC0-301F-11D3-BF4B-00C04F79EFBC}") = "387-子串中的第一个唯一字符", "301-子串中的第一个唯一字符\387-子串中的第一个唯一字符.csproj", "{EE02BCBA-15C8-4C4D-9967-C982FA5236B6}"
EndProject
Project("{FAE04EC0-301F-11D3-BF4B-00C04F79EFBC}") = "KMP算法", "KMP算法\KMP算法.csproj", "{03FD088D-9DCD-46C9-8BF2-292FA18A3120}"
EndProject
Project("{FAE04EC0-301F-11D3-BF4B-00C04F79EFBC}") = "Sunday匹配", "Sunday匹配\Sunday匹配.csproj", "{AD80BA13-59B0-40C8-9EFE-8C44D457E4B2}"
EndProject
Project("{FAE04EC0-301F-11D3-BF4B-00C04F79EFBC}") = "大数打印", "大数打印\大数打印.csproj", "{CE15F37C-B2F0-44FC-AB80-8DD026E9EFA5}"
EndProject
Project("{FAE04EC0-301F-11D3-BF4B-00C04F79EFBC}") = "125-验证回文串", "125-验证回文串\125-验证回文串.csproj", "{DFB802B6-6A68-4255-BB31-E8066468C7E5}"
EndProject
Project("{FAE04EC0-301F-11D3-BF4B-00C04F79EFBC}") = "796-旋转字符串", "796-旋转字符串\796-旋转字符串.csproj", "{94C90132-1B73-4C93-99CF-4927BDD3905F}"
EndProject
Project("{FAE04EC0-301F-11D3-BF4B-00C04F79EFBC}") = "58-最后一个单词的长度", "58-最后一个单词的长度\58-最后一个单词的长度.csproj", "{223E11A4-C4E4-4542-BFC6-61EE044ADE10}"
EndProject
Project("{FAE04EC0-301F-11D3-BF4B-00C04F79EFBC}") = "二叉树", "二叉树\二叉树.csproj", "{3900E5D2-BAEB-4EE4-ACF2-243BBADC7E0B}"
EndProject
Project("{FAE04EC0-301F-11D3-BF4B-00C04F79EFBC}") = "3-无重复字符的最长子串", "3-无重复字符的最长子串\3-无重复字符的最长子串.csproj", "{ADA5E50D-AAE3-43D7-BAFF-56C327891D12}"
EndProject
Project("{FAE04EC0-301F-11D3-BF4B-00C04F79EFBC}") = "438-找到字符串中所有字母的异位词", "438-找到字符串中所有字母的异位词\438-找到字符串中所有字母的异位词.csproj", "{645FDDEF-245C-4DE3-9AFC-909313FABE93}"
EndProject
Project("{FAE04EC0-301F-11D3-BF4B-00C04F79EFBC}") = "滑动窗口-和为s的连续正数序列", "滑动窗口-和为s的连续正数序列\滑动窗口-和为s的连续正数序列.csproj", "{D87F2F26-B67A-44F3-9468-50970CC087A3}"
EndProject
Project("{FAE04EC0-301F-11D3-BF4B-00C04F79EFBC}") = "全排列", "全排列\全排列.csproj", "{E748572C-8101-4E29-B4C4-20B441679344}"
EndProject
Project("{FAE04EC0-301F-11D3-BF4B-00C04F79EFBC}") = "239-滑动窗口的最大值", "239-滑动窗口的最大值\239-滑动窗口的最大值.csproj", "{0B49C878-A9E8-4DAA-B57F-ED12265EF69E}"
EndProject
Project("{FAE04EC0-301F-11D3-BF4B-00C04F79EFBC}") = "博弈论-生男生女问题", "博弈论-生男生女问题\博弈论-生男生女问题.csproj", "{8BADD657-41AC-4C4A-A105-728D76B471BE}"
EndProject
Project("{FAE04EC0-301F-11D3-BF4B-00C04F79EFBC}") = "905-按奇偶排序数组", "905-按奇偶排序数组\905-按奇偶排序数组.csproj", "{C2173C40-E085-4F77-892C-709CFAB5A6FE}"
EndProject
Project("{FAE04EC0-301F-11D3-BF4B-00C04F79EFBC}") = "位运算", "位运算\位运算.csproj", "{A6908E4D-EA85-4160-ACD7-B56E45621DE9}"
EndProject
Project("{FAE04EC0-301F-11D3-BF4B-00C04F79EFBC}") = "二分法", "二分法\二分法.csproj", "{24BACE56-A603-48D0-9031-53D0B0E1AED1}"
EndProject
Project("{FAE04EC0-301F-11D3-BF4B-00C04F79EFBC}") = "650-只有两个键的键盘", "650-只有两个键的键盘\650-只有两个键的键盘.csproj", "{C714A8A3-67F9-4CC9-91E5-A61EA024A045}"
EndProject
Project("{FAE04EC0-301F-11D3-BF4B-00C04F79EFBC}") = "679-24点游戏", "679-24点游戏\679-24点游戏.csproj", "{135D8C5F-DF2C-467D-A3CC-DBFD188D65AE}"
EndProject
Project("{FAE04EC0-301F-11D3-BF4B-00C04F79EFBC}") = "54-螺旋矩阵", "54-螺旋矩阵\54-螺旋矩阵.csproj", "{66B02AE1-F7E7-40E3-9CC1-364CA42F9E2E}"
EndProject
Project("{FAE04EC0-301F-11D3-BF4B-00C04F79EFBC}") = "881-救生艇", "881-救生艇\881-救生艇.csproj", "{5254B7F4-50E5-483D-B2A9-F5E1CF7446F0}"
EndProject
Project("{FAE04EC0-301F-11D3-BF4B-00C04F79EFBC}") = "319-灯泡开关", "319-灯泡开关\319-灯泡开关.csproj", "{EA07A172-FBE4-47E5-BDAE-12A570DE8303}"
EndProject
Project("{FAE04EC0-301F-11D3-BF4B-00C04F79EFBC}") = "三门问题", "三门问题\三门问题.csproj", "{3DC0CAAC-D140-43D7-8CD2-A7FC0E38CE05}"
EndProject
Project("{FAE04EC0-301F-11D3-BF4B-00C04F79EFBC}") = "299-猜数字游戏", "299-猜数字游戏\299-猜数字游戏.csproj", "{3F57C1E2-BF59-43C6-B0AA-F82291162988}"
EndProject
Project("{FAE04EC0-301F-11D3-BF4B-00C04F79EFBC}") = "146-LCU缓存机制", "146-LCU缓存机制\146-LCU缓存机制.csproj", "{870CEE66-C30F-448F-8B6F-66787F348837}"
EndProject
Project("{FAE04EC0-301F-11D3-BF4B-00C04F79EFBC}") = "最小的k个数", "最小的k个数\最小的k个数.csproj", "{B64BA02F-D21C-40A1-A3F9-3C7DBBC209B2}"
EndProject
Project("{FAE04EC0-301F-11D3-BF4B-00C04F79EFBC}") = "不同路径", "不同路径\不同路径.csproj", "{F7D9296B-E3AA-4BD0-9584-84A1FA19A6C5}"
EndProject
Project("{FAE04EC0-301F-11D3-BF4B-00C04F79EFBC}") = "11-盛水最多的容器", "11-盛水最多的容器\11-盛水最多的容器.csproj", "{F1150056-B3FB-47D0-A985-80B99B3FD309}"
EndProject
Project("{FAE04EC0-301F-11D3-BF4B-00C04F79EFBC}") = "扑克牌中的顺子", "扑克牌中的顺子\扑克牌中的顺子.csproj", "{60FB938A-0E69-47F7-9BC0-1C479ED63FB6}"
EndProject
Project("{FAE04EC0-301F-11D3-BF4B-00C04F79EFBC}") = "343-整数拆分", "343-整数拆分\343-整数拆分.csproj", "{8D9DC491-7EB6-405D-9A20-62E11F757352}"
EndProject
Project("{FAE04EC0-301F-11D3-BF4B-00C04F79EFBC}") = "1033-移动石子直到连续", "1033-移动石子直到连续\1033-移动石子直到连续.csproj", "{CAF34EA2-6D5A-49F4-9639-C753321F1911}"
EndProject
Project("{FAE04EC0-301F-11D3-BF4B-00C04F79EFBC}") = "292-Nim游戏", "292-Nim游戏\292-Nim游戏.csproj", "{29C11AB1-19DA-4E85-9FE0-913513CEDE8F}"
EndProject
Project("{FAE04EC0-301F-11D3-BF4B-00C04F79EFBC}") = "4-寻找两个正序数组的中位数", "4-寻找两个正序数组的中位数\4-寻找两个正序数组的中位数.csproj", "{E0765926-1A47-4D9A-87E5-864096C2F4C4}"
EndProject
Project("{FAE04EC0-301F-11D3-BF4B-00C04F79EFBC}") = "215-数组中的第K个最大元素", "215-数组中的第K个最大元素\215-数组中的第K个最大元素.csproj", "{71C759E7-D25B-4118-AE2C-8EDA1DB78609}"
EndProject
Project("{FAE04EC0-301F-11D3-BF4B-00C04F79EFBC}") = "最小堆", "最小堆\最小堆.csproj", "{76AC93B6-0DDC-413A-ABCA-82569C99595A}"
EndProject
Project("{FAE04EC0-301F-11D3-BF4B-00C04F79EFBC}") = "镜面反射", "镜面反射\镜面反射.csproj", "{957E7092-5C1F-45F7-A96F-14FDE062FA0A}"
EndProject
Project("{FAE04EC0-301F-11D3-BF4B-00C04F79EFBC}") = "12-整数转罗马数字", "12-整数转罗马数字\12-整数转罗马数字.csproj", "{EA029ECE-7923-4526-9F54-71055F7E157E}"
EndProject
Project("{FAE04EC0-301F-11D3-BF4B-00C04F79EFBC}") = "荷兰国旗问题", "荷兰国旗问题\荷兰国旗问题.csproj", "{EB77B083-549A-4B7C-AA5F-A8D63FA1DAC2}"
EndProject
Project("{FAE04EC0-301F-11D3-BF4B-00C04F79EFBC}") = "1323-6和9组成的最大数字", "1323-6和9组成的最大数字\1323-6和9组成的最大数字.csproj", "{7BBA60BD-5D62-45E7-AEE4-DE9AB1D448E6}"
EndProject
Project("{FAE04EC0-301F-11D3-BF4B-00C04F79EFBC}") = "36-有效的数独", "36-有效的数独\36-有效的数独.csproj", "{02E6CED2-9B0C-4CEA-AB21-FE0B0EBC44B7}"
EndProject
Project("{FAE04EC0-301F-11D3-BF4B-00C04F79EFBC}") = "455-分发饼干", "455-分发饼干\455-分发饼干.csproj", "{3AD9F8C4-B8B2-4E47-B40D-A78817773C8C}"
EndProject
Project("{FAE04EC0-301F-11D3-BF4B-00C04F79EFBC}") = "74-搜索二维矩阵", "74-搜索二维矩阵\74-搜索二维矩阵.csproj", "{E6C4F0C4-45C4-4097-9B3C-66F282D487DF}"
EndProject
Project("{FAE04EC0-301F-11D3-BF4B-00C04F79EFBC}") = "289-生命游戏", "289-生命游戏\289-生命游戏.csproj", "{C25AAB39-EC1C-492F-A67C-E513457B6964}"
EndProject
Project("{FAE04EC0-301F-11D3-BF4B-00C04F79EFBC}") = "78-子集", "78-子集\78-子集.csproj", "{B396506C-D013-47F2-BC88-2BB03892AF8C}"
EndProject
Project("{FAE04EC0-301F-11D3-BF4B-00C04F79EFBC}") = "48-旋转图像", "48-旋转图像\48-旋转图像.csproj", "{51594AC0-75E7-487B-AF94-75CB5935322C}"
EndProject
Project("{FAE04EC0-301F-11D3-BF4B-00C04F79EFBC}") = "59-螺旋矩阵2", "59-螺旋矩阵2\59-螺旋矩阵2.csproj", "{14CE3850-B4BB-4363-B6EE-BBB5141DBC0D}"
EndProject
Global
	GlobalSection(SolutionConfigurationPlatforms) = preSolution
		Debug|Any CPU = Debug|Any CPU
		Release|Any CPU = Release|Any CPU
	EndGlobalSection
	GlobalSection(ProjectConfigurationPlatforms) = postSolution
		{45742E20-3CB1-42A8-AD35-65A3F6CE6DAD}.Debug|Any CPU.ActiveCfg = Debug|Any CPU
		{45742E20-3CB1-42A8-AD35-65A3F6CE6DAD}.Debug|Any CPU.Build.0 = Debug|Any CPU
		{45742E20-3CB1-42A8-AD35-65A3F6CE6DAD}.Release|Any CPU.ActiveCfg = Release|Any CPU
		{45742E20-3CB1-42A8-AD35-65A3F6CE6DAD}.Release|Any CPU.Build.0 = Release|Any CPU
		{F6FF8079-C45E-4C55-A281-D625D01332AD}.Debug|Any CPU.ActiveCfg = Debug|Any CPU
		{F6FF8079-C45E-4C55-A281-D625D01332AD}.Debug|Any CPU.Build.0 = Debug|Any CPU
		{F6FF8079-C45E-4C55-A281-D625D01332AD}.Release|Any CPU.ActiveCfg = Release|Any CPU
		{F6FF8079-C45E-4C55-A281-D625D01332AD}.Release|Any CPU.Build.0 = Release|Any CPU
		{2697EF75-8ADA-4760-A645-B8DCB680C235}.Debug|Any CPU.ActiveCfg = Debug|Any CPU
		{2697EF75-8ADA-4760-A645-B8DCB680C235}.Debug|Any CPU.Build.0 = Debug|Any CPU
		{2697EF75-8ADA-4760-A645-B8DCB680C235}.Release|Any CPU.ActiveCfg = Release|Any CPU
		{2697EF75-8ADA-4760-A645-B8DCB680C235}.Release|Any CPU.Build.0 = Release|Any CPU
		{AAF9F2F8-25FB-4B85-996A-CCC02B309847}.Debug|Any CPU.ActiveCfg = Debug|Any CPU
		{AAF9F2F8-25FB-4B85-996A-CCC02B309847}.Debug|Any CPU.Build.0 = Debug|Any CPU
		{AAF9F2F8-25FB-4B85-996A-CCC02B309847}.Release|Any CPU.ActiveCfg = Release|Any CPU
		{AAF9F2F8-25FB-4B85-996A-CCC02B309847}.Release|Any CPU.Build.0 = Release|Any CPU
		{18F55D3F-1C43-417A-98F6-A6C3DEF75CE9}.Debug|Any CPU.ActiveCfg = Debug|Any CPU
		{18F55D3F-1C43-417A-98F6-A6C3DEF75CE9}.Debug|Any CPU.Build.0 = Debug|Any CPU
		{18F55D3F-1C43-417A-98F6-A6C3DEF75CE9}.Release|Any CPU.ActiveCfg = Release|Any CPU
		{18F55D3F-1C43-417A-98F6-A6C3DEF75CE9}.Release|Any CPU.Build.0 = Release|Any CPU
		{36DF64E8-BFE6-4B5D-8932-0A2C5C876024}.Debug|Any CPU.ActiveCfg = Debug|Any CPU
		{36DF64E8-BFE6-4B5D-8932-0A2C5C876024}.Debug|Any CPU.Build.0 = Debug|Any CPU
		{36DF64E8-BFE6-4B5D-8932-0A2C5C876024}.Release|Any CPU.ActiveCfg = Release|Any CPU
		{36DF64E8-BFE6-4B5D-8932-0A2C5C876024}.Release|Any CPU.Build.0 = Release|Any CPU
		{CAACC346-6DEF-4BFD-B8EA-CDDD533F0819}.Debug|Any CPU.ActiveCfg = Debug|Any CPU
		{CAACC346-6DEF-4BFD-B8EA-CDDD533F0819}.Debug|Any CPU.Build.0 = Debug|Any CPU
		{CAACC346-6DEF-4BFD-B8EA-CDDD533F0819}.Release|Any CPU.ActiveCfg = Release|Any CPU
		{CAACC346-6DEF-4BFD-B8EA-CDDD533F0819}.Release|Any CPU.Build.0 = Release|Any CPU
		{FE107E31-CB43-4252-958A-8C05B792EE81}.Debug|Any CPU.ActiveCfg = Debug|Any CPU
		{FE107E31-CB43-4252-958A-8C05B792EE81}.Debug|Any CPU.Build.0 = Debug|Any CPU
		{FE107E31-CB43-4252-958A-8C05B792EE81}.Release|Any CPU.ActiveCfg = Release|Any CPU
		{FE107E31-CB43-4252-958A-8C05B792EE81}.Release|Any CPU.Build.0 = Release|Any CPU
		{3915149D-84BC-45FD-8280-33FBCB6FCFF7}.Debug|Any CPU.ActiveCfg = Debug|Any CPU
		{3915149D-84BC-45FD-8280-33FBCB6FCFF7}.Debug|Any CPU.Build.0 = Debug|Any CPU
		{3915149D-84BC-45FD-8280-33FBCB6FCFF7}.Release|Any CPU.ActiveCfg = Release|Any CPU
		{3915149D-84BC-45FD-8280-33FBCB6FCFF7}.Release|Any CPU.Build.0 = Release|Any CPU
		{3730D65B-A53F-4F84-9B19-D95B7C5191BB}.Debug|Any CPU.ActiveCfg = Debug|Any CPU
		{3730D65B-A53F-4F84-9B19-D95B7C5191BB}.Debug|Any CPU.Build.0 = Debug|Any CPU
		{3730D65B-A53F-4F84-9B19-D95B7C5191BB}.Release|Any CPU.ActiveCfg = Release|Any CPU
		{3730D65B-A53F-4F84-9B19-D95B7C5191BB}.Release|Any CPU.Build.0 = Release|Any CPU
		{DB8807A3-8BA8-4C7A-B35A-C12AC6773C1C}.Debug|Any CPU.ActiveCfg = Debug|Any CPU
		{DB8807A3-8BA8-4C7A-B35A-C12AC6773C1C}.Debug|Any CPU.Build.0 = Debug|Any CPU
		{DB8807A3-8BA8-4C7A-B35A-C12AC6773C1C}.Release|Any CPU.ActiveCfg = Release|Any CPU
		{DB8807A3-8BA8-4C7A-B35A-C12AC6773C1C}.Release|Any CPU.Build.0 = Release|Any CPU
		{5243ACAE-B3CB-427C-B02F-6F3D75BFC18A}.Debug|Any CPU.ActiveCfg = Debug|Any CPU
		{5243ACAE-B3CB-427C-B02F-6F3D75BFC18A}.Debug|Any CPU.Build.0 = Debug|Any CPU
		{5243ACAE-B3CB-427C-B02F-6F3D75BFC18A}.Release|Any CPU.ActiveCfg = Release|Any CPU
		{5243ACAE-B3CB-427C-B02F-6F3D75BFC18A}.Release|Any CPU.Build.0 = Release|Any CPU
		{254441FA-115E-4146-8837-3AAEB21473BD}.Debug|Any CPU.ActiveCfg = Debug|Any CPU
		{254441FA-115E-4146-8837-3AAEB21473BD}.Debug|Any CPU.Build.0 = Debug|Any CPU
		{254441FA-115E-4146-8837-3AAEB21473BD}.Release|Any CPU.ActiveCfg = Release|Any CPU
		{254441FA-115E-4146-8837-3AAEB21473BD}.Release|Any CPU.Build.0 = Release|Any CPU
		{6902BA6F-EBC3-4BD1-ADBA-F23920000C95}.Debug|Any CPU.ActiveCfg = Debug|Any CPU
		{6902BA6F-EBC3-4BD1-ADBA-F23920000C95}.Debug|Any CPU.Build.0 = Debug|Any CPU
		{6902BA6F-EBC3-4BD1-ADBA-F23920000C95}.Release|Any CPU.ActiveCfg = Release|Any CPU
		{6902BA6F-EBC3-4BD1-ADBA-F23920000C95}.Release|Any CPU.Build.0 = Release|Any CPU
		{1D7ACA19-D1AA-44EB-937F-4BACE04D03C4}.Debug|Any CPU.ActiveCfg = Debug|Any CPU
		{1D7ACA19-D1AA-44EB-937F-4BACE04D03C4}.Debug|Any CPU.Build.0 = Debug|Any CPU
		{1D7ACA19-D1AA-44EB-937F-4BACE04D03C4}.Release|Any CPU.ActiveCfg = Release|Any CPU
		{1D7ACA19-D1AA-44EB-937F-4BACE04D03C4}.Release|Any CPU.Build.0 = Release|Any CPU
		{71C39455-BE13-4D20-BB52-142483984047}.Debug|Any CPU.ActiveCfg = Debug|Any CPU
		{71C39455-BE13-4D20-BB52-142483984047}.Debug|Any CPU.Build.0 = Debug|Any CPU
		{71C39455-BE13-4D20-BB52-142483984047}.Release|Any CPU.ActiveCfg = Release|Any CPU
		{71C39455-BE13-4D20-BB52-142483984047}.Release|Any CPU.Build.0 = Release|Any CPU
		{75A32583-D8D0-4609-9A4F-515E5FE3DD9F}.Debug|Any CPU.ActiveCfg = Debug|Any CPU
		{75A32583-D8D0-4609-9A4F-515E5FE3DD9F}.Debug|Any CPU.Build.0 = Debug|Any CPU
		{75A32583-D8D0-4609-9A4F-515E5FE3DD9F}.Release|Any CPU.ActiveCfg = Release|Any CPU
		{75A32583-D8D0-4609-9A4F-515E5FE3DD9F}.Release|Any CPU.Build.0 = Release|Any CPU
		{E9BAA6AA-7CE2-46EF-9ACA-77E103A47535}.Debug|Any CPU.ActiveCfg = Debug|Any CPU
		{E9BAA6AA-7CE2-46EF-9ACA-77E103A47535}.Debug|Any CPU.Build.0 = Debug|Any CPU
		{E9BAA6AA-7CE2-46EF-9ACA-77E103A47535}.Release|Any CPU.ActiveCfg = Release|Any CPU
		{E9BAA6AA-7CE2-46EF-9ACA-77E103A47535}.Release|Any CPU.Build.0 = Release|Any CPU
		{E3590FA6-05F3-4A81-9B76-069EE48A5424}.Debug|Any CPU.ActiveCfg = Debug|Any CPU
		{E3590FA6-05F3-4A81-9B76-069EE48A5424}.Debug|Any CPU.Build.0 = Debug|Any CPU
		{E3590FA6-05F3-4A81-9B76-069EE48A5424}.Release|Any CPU.ActiveCfg = Release|Any CPU
		{E3590FA6-05F3-4A81-9B76-069EE48A5424}.Release|Any CPU.Build.0 = Release|Any CPU
		{504D04A9-58E8-4A47-92A9-575BF17961B8}.Debug|Any CPU.ActiveCfg = Debug|Any CPU
		{504D04A9-58E8-4A47-92A9-575BF17961B8}.Debug|Any CPU.Build.0 = Debug|Any CPU
		{504D04A9-58E8-4A47-92A9-575BF17961B8}.Release|Any CPU.ActiveCfg = Release|Any CPU
		{504D04A9-58E8-4A47-92A9-575BF17961B8}.Release|Any CPU.Build.0 = Release|Any CPU
		{62CA6924-E1A9-45B3-B784-D409441DE3E2}.Debug|Any CPU.ActiveCfg = Debug|Any CPU
		{62CA6924-E1A9-45B3-B784-D409441DE3E2}.Debug|Any CPU.Build.0 = Debug|Any CPU
		{62CA6924-E1A9-45B3-B784-D409441DE3E2}.Release|Any CPU.ActiveCfg = Release|Any CPU
		{62CA6924-E1A9-45B3-B784-D409441DE3E2}.Release|Any CPU.Build.0 = Release|Any CPU
		{F09ED0A6-1620-45EA-9650-77DBB433E2A8}.Debug|Any CPU.ActiveCfg = Debug|Any CPU
		{F09ED0A6-1620-45EA-9650-77DBB433E2A8}.Debug|Any CPU.Build.0 = Debug|Any CPU
		{F09ED0A6-1620-45EA-9650-77DBB433E2A8}.Release|Any CPU.ActiveCfg = Release|Any CPU
		{F09ED0A6-1620-45EA-9650-77DBB433E2A8}.Release|Any CPU.Build.0 = Release|Any CPU
		{10185B0C-564E-4093-862C-45B3844E64EF}.Debug|Any CPU.ActiveCfg = Debug|Any CPU
		{10185B0C-564E-4093-862C-45B3844E64EF}.Debug|Any CPU.Build.0 = Debug|Any CPU
		{10185B0C-564E-4093-862C-45B3844E64EF}.Release|Any CPU.ActiveCfg = Release|Any CPU
		{10185B0C-564E-4093-862C-45B3844E64EF}.Release|Any CPU.Build.0 = Release|Any CPU
		{5DDD7DB9-0D4F-4F97-AB61-A50BA7CF9D85}.Debug|Any CPU.ActiveCfg = Debug|Any CPU
		{5DDD7DB9-0D4F-4F97-AB61-A50BA7CF9D85}.Debug|Any CPU.Build.0 = Debug|Any CPU
		{5DDD7DB9-0D4F-4F97-AB61-A50BA7CF9D85}.Release|Any CPU.ActiveCfg = Release|Any CPU
		{5DDD7DB9-0D4F-4F97-AB61-A50BA7CF9D85}.Release|Any CPU.Build.0 = Release|Any CPU
		{B27CF38C-9165-4435-8534-77D946363EE7}.Debug|Any CPU.ActiveCfg = Debug|Any CPU
		{B27CF38C-9165-4435-8534-77D946363EE7}.Debug|Any CPU.Build.0 = Debug|Any CPU
		{B27CF38C-9165-4435-8534-77D946363EE7}.Release|Any CPU.ActiveCfg = Release|Any CPU
		{B27CF38C-9165-4435-8534-77D946363EE7}.Release|Any CPU.Build.0 = Release|Any CPU
		{EE02BCBA-15C8-4C4D-9967-C982FA5236B6}.Debug|Any CPU.ActiveCfg = Debug|Any CPU
		{EE02BCBA-15C8-4C4D-9967-C982FA5236B6}.Debug|Any CPU.Build.0 = Debug|Any CPU
		{EE02BCBA-15C8-4C4D-9967-C982FA5236B6}.Release|Any CPU.ActiveCfg = Release|Any CPU
		{EE02BCBA-15C8-4C4D-9967-C982FA5236B6}.Release|Any CPU.Build.0 = Release|Any CPU
		{03FD088D-9DCD-46C9-8BF2-292FA18A3120}.Debug|Any CPU.ActiveCfg = Debug|Any CPU
		{03FD088D-9DCD-46C9-8BF2-292FA18A3120}.Debug|Any CPU.Build.0 = Debug|Any CPU
		{03FD088D-9DCD-46C9-8BF2-292FA18A3120}.Release|Any CPU.ActiveCfg = Release|Any CPU
		{03FD088D-9DCD-46C9-8BF2-292FA18A3120}.Release|Any CPU.Build.0 = Release|Any CPU
		{AD80BA13-59B0-40C8-9EFE-8C44D457E4B2}.Debug|Any CPU.ActiveCfg = Debug|Any CPU
		{AD80BA13-59B0-40C8-9EFE-8C44D457E4B2}.Debug|Any CPU.Build.0 = Debug|Any CPU
		{AD80BA13-59B0-40C8-9EFE-8C44D457E4B2}.Release|Any CPU.ActiveCfg = Release|Any CPU
		{AD80BA13-59B0-40C8-9EFE-8C44D457E4B2}.Release|Any CPU.Build.0 = Release|Any CPU
		{CE15F37C-B2F0-44FC-AB80-8DD026E9EFA5}.Debug|Any CPU.ActiveCfg = Debug|Any CPU
		{CE15F37C-B2F0-44FC-AB80-8DD026E9EFA5}.Debug|Any CPU.Build.0 = Debug|Any CPU
		{CE15F37C-B2F0-44FC-AB80-8DD026E9EFA5}.Release|Any CPU.ActiveCfg = Release|Any CPU
		{CE15F37C-B2F0-44FC-AB80-8DD026E9EFA5}.Release|Any CPU.Build.0 = Release|Any CPU
		{DFB802B6-6A68-4255-BB31-E8066468C7E5}.Debug|Any CPU.ActiveCfg = Debug|Any CPU
		{DFB802B6-6A68-4255-BB31-E8066468C7E5}.Debug|Any CPU.Build.0 = Debug|Any CPU
		{DFB802B6-6A68-4255-BB31-E8066468C7E5}.Release|Any CPU.ActiveCfg = Release|Any CPU
		{DFB802B6-6A68-4255-BB31-E8066468C7E5}.Release|Any CPU.Build.0 = Release|Any CPU
		{94C90132-1B73-4C93-99CF-4927BDD3905F}.Debug|Any CPU.ActiveCfg = Debug|Any CPU
		{94C90132-1B73-4C93-99CF-4927BDD3905F}.Debug|Any CPU.Build.0 = Debug|Any CPU
		{94C90132-1B73-4C93-99CF-4927BDD3905F}.Release|Any CPU.ActiveCfg = Release|Any CPU
		{94C90132-1B73-4C93-99CF-4927BDD3905F}.Release|Any CPU.Build.0 = Release|Any CPU
		{223E11A4-C4E4-4542-BFC6-61EE044ADE10}.Debug|Any CPU.ActiveCfg = Debug|Any CPU
		{223E11A4-C4E4-4542-BFC6-61EE044ADE10}.Debug|Any CPU.Build.0 = Debug|Any CPU
		{223E11A4-C4E4-4542-BFC6-61EE044ADE10}.Release|Any CPU.ActiveCfg = Release|Any CPU
		{223E11A4-C4E4-4542-BFC6-61EE044ADE10}.Release|Any CPU.Build.0 = Release|Any CPU
		{3900E5D2-BAEB-4EE4-ACF2-243BBADC7E0B}.Debug|Any CPU.ActiveCfg = Debug|Any CPU
		{3900E5D2-BAEB-4EE4-ACF2-243BBADC7E0B}.Debug|Any CPU.Build.0 = Debug|Any CPU
		{3900E5D2-BAEB-4EE4-ACF2-243BBADC7E0B}.Release|Any CPU.ActiveCfg = Release|Any CPU
		{3900E5D2-BAEB-4EE4-ACF2-243BBADC7E0B}.Release|Any CPU.Build.0 = Release|Any CPU
		{ADA5E50D-AAE3-43D7-BAFF-56C327891D12}.Debug|Any CPU.ActiveCfg = Debug|Any CPU
		{ADA5E50D-AAE3-43D7-BAFF-56C327891D12}.Debug|Any CPU.Build.0 = Debug|Any CPU
		{ADA5E50D-AAE3-43D7-BAFF-56C327891D12}.Release|Any CPU.ActiveCfg = Release|Any CPU
		{ADA5E50D-AAE3-43D7-BAFF-56C327891D12}.Release|Any CPU.Build.0 = Release|Any CPU
		{645FDDEF-245C-4DE3-9AFC-909313FABE93}.Debug|Any CPU.ActiveCfg = Debug|Any CPU
		{645FDDEF-245C-4DE3-9AFC-909313FABE93}.Debug|Any CPU.Build.0 = Debug|Any CPU
		{645FDDEF-245C-4DE3-9AFC-909313FABE93}.Release|Any CPU.ActiveCfg = Release|Any CPU
		{645FDDEF-245C-4DE3-9AFC-909313FABE93}.Release|Any CPU.Build.0 = Release|Any CPU
		{D87F2F26-B67A-44F3-9468-50970CC087A3}.Debug|Any CPU.ActiveCfg = Debug|Any CPU
		{D87F2F26-B67A-44F3-9468-50970CC087A3}.Debug|Any CPU.Build.0 = Debug|Any CPU
		{D87F2F26-B67A-44F3-9468-50970CC087A3}.Release|Any CPU.ActiveCfg = Release|Any CPU
		{D87F2F26-B67A-44F3-9468-50970CC087A3}.Release|Any CPU.Build.0 = Release|Any CPU
		{E748572C-8101-4E29-B4C4-20B441679344}.Debug|Any CPU.ActiveCfg = Debug|Any CPU
		{E748572C-8101-4E29-B4C4-20B441679344}.Debug|Any CPU.Build.0 = Debug|Any CPU
		{E748572C-8101-4E29-B4C4-20B441679344}.Release|Any CPU.ActiveCfg = Release|Any CPU
		{E748572C-8101-4E29-B4C4-20B441679344}.Release|Any CPU.Build.0 = Release|Any CPU
		{0B49C878-A9E8-4DAA-B57F-ED12265EF69E}.Debug|Any CPU.ActiveCfg = Debug|Any CPU
		{0B49C878-A9E8-4DAA-B57F-ED12265EF69E}.Debug|Any CPU.Build.0 = Debug|Any CPU
		{0B49C878-A9E8-4DAA-B57F-ED12265EF69E}.Release|Any CPU.ActiveCfg = Release|Any CPU
		{0B49C878-A9E8-4DAA-B57F-ED12265EF69E}.Release|Any CPU.Build.0 = Release|Any CPU
		{8BADD657-41AC-4C4A-A105-728D76B471BE}.Debug|Any CPU.ActiveCfg = Debug|Any CPU
		{8BADD657-41AC-4C4A-A105-728D76B471BE}.Debug|Any CPU.Build.0 = Debug|Any CPU
		{8BADD657-41AC-4C4A-A105-728D76B471BE}.Release|Any CPU.ActiveCfg = Release|Any CPU
		{8BADD657-41AC-4C4A-A105-728D76B471BE}.Release|Any CPU.Build.0 = Release|Any CPU
		{C2173C40-E085-4F77-892C-709CFAB5A6FE}.Debug|Any CPU.ActiveCfg = Debug|Any CPU
		{C2173C40-E085-4F77-892C-709CFAB5A6FE}.Debug|Any CPU.Build.0 = Debug|Any CPU
		{C2173C40-E085-4F77-892C-709CFAB5A6FE}.Release|Any CPU.ActiveCfg = Release|Any CPU
		{C2173C40-E085-4F77-892C-709CFAB5A6FE}.Release|Any CPU.Build.0 = Release|Any CPU
		{A6908E4D-EA85-4160-ACD7-B56E45621DE9}.Debug|Any CPU.ActiveCfg = Debug|Any CPU
		{A6908E4D-EA85-4160-ACD7-B56E45621DE9}.Debug|Any CPU.Build.0 = Debug|Any CPU
		{A6908E4D-EA85-4160-ACD7-B56E45621DE9}.Release|Any CPU.ActiveCfg = Release|Any CPU
		{A6908E4D-EA85-4160-ACD7-B56E45621DE9}.Release|Any CPU.Build.0 = Release|Any CPU
		{24BACE56-A603-48D0-9031-53D0B0E1AED1}.Debug|Any CPU.ActiveCfg = Debug|Any CPU
		{24BACE56-A603-48D0-9031-53D0B0E1AED1}.Debug|Any CPU.Build.0 = Debug|Any CPU
		{24BACE56-A603-48D0-9031-53D0B0E1AED1}.Release|Any CPU.ActiveCfg = Release|Any CPU
		{24BACE56-A603-48D0-9031-53D0B0E1AED1}.Release|Any CPU.Build.0 = Release|Any CPU
		{C714A8A3-67F9-4CC9-91E5-A61EA024A045}.Debug|Any CPU.ActiveCfg = Debug|Any CPU
		{C714A8A3-67F9-4CC9-91E5-A61EA024A045}.Debug|Any CPU.Build.0 = Debug|Any CPU
		{C714A8A3-67F9-4CC9-91E5-A61EA024A045}.Release|Any CPU.ActiveCfg = Release|Any CPU
		{C714A8A3-67F9-4CC9-91E5-A61EA024A045}.Release|Any CPU.Build.0 = Release|Any CPU
		{135D8C5F-DF2C-467D-A3CC-DBFD188D65AE}.Debug|Any CPU.ActiveCfg = Debug|Any CPU
		{135D8C5F-DF2C-467D-A3CC-DBFD188D65AE}.Debug|Any CPU.Build.0 = Debug|Any CPU
		{135D8C5F-DF2C-467D-A3CC-DBFD188D65AE}.Release|Any CPU.ActiveCfg = Release|Any CPU
		{135D8C5F-DF2C-467D-A3CC-DBFD188D65AE}.Release|Any CPU.Build.0 = Release|Any CPU
		{66B02AE1-F7E7-40E3-9CC1-364CA42F9E2E}.Debug|Any CPU.ActiveCfg = Debug|Any CPU
		{66B02AE1-F7E7-40E3-9CC1-364CA42F9E2E}.Debug|Any CPU.Build.0 = Debug|Any CPU
		{66B02AE1-F7E7-40E3-9CC1-364CA42F9E2E}.Release|Any CPU.ActiveCfg = Release|Any CPU
		{66B02AE1-F7E7-40E3-9CC1-364CA42F9E2E}.Release|Any CPU.Build.0 = Release|Any CPU
		{5254B7F4-50E5-483D-B2A9-F5E1CF7446F0}.Debug|Any CPU.ActiveCfg = Debug|Any CPU
		{5254B7F4-50E5-483D-B2A9-F5E1CF7446F0}.Debug|Any CPU.Build.0 = Debug|Any CPU
		{5254B7F4-50E5-483D-B2A9-F5E1CF7446F0}.Release|Any CPU.ActiveCfg = Release|Any CPU
		{5254B7F4-50E5-483D-B2A9-F5E1CF7446F0}.Release|Any CPU.Build.0 = Release|Any CPU
		{EA07A172-FBE4-47E5-BDAE-12A570DE8303}.Debug|Any CPU.ActiveCfg = Debug|Any CPU
		{EA07A172-FBE4-47E5-BDAE-12A570DE8303}.Debug|Any CPU.Build.0 = Debug|Any CPU
		{EA07A172-FBE4-47E5-BDAE-12A570DE8303}.Release|Any CPU.ActiveCfg = Release|Any CPU
		{EA07A172-FBE4-47E5-BDAE-12A570DE8303}.Release|Any CPU.Build.0 = Release|Any CPU
		{3DC0CAAC-D140-43D7-8CD2-A7FC0E38CE05}.Debug|Any CPU.ActiveCfg = Debug|Any CPU
		{3DC0CAAC-D140-43D7-8CD2-A7FC0E38CE05}.Debug|Any CPU.Build.0 = Debug|Any CPU
		{3DC0CAAC-D140-43D7-8CD2-A7FC0E38CE05}.Release|Any CPU.ActiveCfg = Release|Any CPU
		{3DC0CAAC-D140-43D7-8CD2-A7FC0E38CE05}.Release|Any CPU.Build.0 = Release|Any CPU
		{3F57C1E2-BF59-43C6-B0AA-F82291162988}.Debug|Any CPU.ActiveCfg = Debug|Any CPU
		{3F57C1E2-BF59-43C6-B0AA-F82291162988}.Debug|Any CPU.Build.0 = Debug|Any CPU
		{3F57C1E2-BF59-43C6-B0AA-F82291162988}.Release|Any CPU.ActiveCfg = Release|Any CPU
		{3F57C1E2-BF59-43C6-B0AA-F82291162988}.Release|Any CPU.Build.0 = Release|Any CPU
		{870CEE66-C30F-448F-8B6F-66787F348837}.Debug|Any CPU.ActiveCfg = Debug|Any CPU
		{870CEE66-C30F-448F-8B6F-66787F348837}.Debug|Any CPU.Build.0 = Debug|Any CPU
		{870CEE66-C30F-448F-8B6F-66787F348837}.Release|Any CPU.ActiveCfg = Release|Any CPU
		{870CEE66-C30F-448F-8B6F-66787F348837}.Release|Any CPU.Build.0 = Release|Any CPU
		{B64BA02F-D21C-40A1-A3F9-3C7DBBC209B2}.Debug|Any CPU.ActiveCfg = Debug|Any CPU
		{B64BA02F-D21C-40A1-A3F9-3C7DBBC209B2}.Debug|Any CPU.Build.0 = Debug|Any CPU
		{B64BA02F-D21C-40A1-A3F9-3C7DBBC209B2}.Release|Any CPU.ActiveCfg = Release|Any CPU
		{B64BA02F-D21C-40A1-A3F9-3C7DBBC209B2}.Release|Any CPU.Build.0 = Release|Any CPU
		{F7D9296B-E3AA-4BD0-9584-84A1FA19A6C5}.Debug|Any CPU.ActiveCfg = Debug|Any CPU
		{F7D9296B-E3AA-4BD0-9584-84A1FA19A6C5}.Debug|Any CPU.Build.0 = Debug|Any CPU
		{F7D9296B-E3AA-4BD0-9584-84A1FA19A6C5}.Release|Any CPU.ActiveCfg = Release|Any CPU
		{F7D9296B-E3AA-4BD0-9584-84A1FA19A6C5}.Release|Any CPU.Build.0 = Release|Any CPU
		{F1150056-B3FB-47D0-A985-80B99B3FD309}.Debug|Any CPU.ActiveCfg = Debug|Any CPU
		{F1150056-B3FB-47D0-A985-80B99B3FD309}.Debug|Any CPU.Build.0 = Debug|Any CPU
		{F1150056-B3FB-47D0-A985-80B99B3FD309}.Release|Any CPU.ActiveCfg = Release|Any CPU
		{F1150056-B3FB-47D0-A985-80B99B3FD309}.Release|Any CPU.Build.0 = Release|Any CPU
		{60FB938A-0E69-47F7-9BC0-1C479ED63FB6}.Debug|Any CPU.ActiveCfg = Debug|Any CPU
		{60FB938A-0E69-47F7-9BC0-1C479ED63FB6}.Debug|Any CPU.Build.0 = Debug|Any CPU
		{60FB938A-0E69-47F7-9BC0-1C479ED63FB6}.Release|Any CPU.ActiveCfg = Release|Any CPU
		{60FB938A-0E69-47F7-9BC0-1C479ED63FB6}.Release|Any CPU.Build.0 = Release|Any CPU
		{8D9DC491-7EB6-405D-9A20-62E11F757352}.Debug|Any CPU.ActiveCfg = Debug|Any CPU
		{8D9DC491-7EB6-405D-9A20-62E11F757352}.Debug|Any CPU.Build.0 = Debug|Any CPU
		{8D9DC491-7EB6-405D-9A20-62E11F757352}.Release|Any CPU.ActiveCfg = Release|Any CPU
		{8D9DC491-7EB6-405D-9A20-62E11F757352}.Release|Any CPU.Build.0 = Release|Any CPU
		{CAF34EA2-6D5A-49F4-9639-C753321F1911}.Debug|Any CPU.ActiveCfg = Debug|Any CPU
		{CAF34EA2-6D5A-49F4-9639-C753321F1911}.Debug|Any CPU.Build.0 = Debug|Any CPU
		{CAF34EA2-6D5A-49F4-9639-C753321F1911}.Release|Any CPU.ActiveCfg = Release|Any CPU
		{CAF34EA2-6D5A-49F4-9639-C753321F1911}.Release|Any CPU.Build.0 = Release|Any CPU
		{29C11AB1-19DA-4E85-9FE0-913513CEDE8F}.Debug|Any CPU.ActiveCfg = Debug|Any CPU
		{29C11AB1-19DA-4E85-9FE0-913513CEDE8F}.Debug|Any CPU.Build.0 = Debug|Any CPU
		{29C11AB1-19DA-4E85-9FE0-913513CEDE8F}.Release|Any CPU.ActiveCfg = Release|Any CPU
		{29C11AB1-19DA-4E85-9FE0-913513CEDE8F}.Release|Any CPU.Build.0 = Release|Any CPU
		{E0765926-1A47-4D9A-87E5-864096C2F4C4}.Debug|Any CPU.ActiveCfg = Debug|Any CPU
		{E0765926-1A47-4D9A-87E5-864096C2F4C4}.Debug|Any CPU.Build.0 = Debug|Any CPU
		{E0765926-1A47-4D9A-87E5-864096C2F4C4}.Release|Any CPU.ActiveCfg = Release|Any CPU
		{E0765926-1A47-4D9A-87E5-864096C2F4C4}.Release|Any CPU.Build.0 = Release|Any CPU
		{71C759E7-D25B-4118-AE2C-8EDA1DB78609}.Debug|Any CPU.ActiveCfg = Debug|Any CPU
		{71C759E7-D25B-4118-AE2C-8EDA1DB78609}.Debug|Any CPU.Build.0 = Debug|Any CPU
		{71C759E7-D25B-4118-AE2C-8EDA1DB78609}.Release|Any CPU.ActiveCfg = Release|Any CPU
		{71C759E7-D25B-4118-AE2C-8EDA1DB78609}.Release|Any CPU.Build.0 = Release|Any CPU
		{76AC93B6-0DDC-413A-ABCA-82569C99595A}.Debug|Any CPU.ActiveCfg = Debug|Any CPU
		{76AC93B6-0DDC-413A-ABCA-82569C99595A}.Debug|Any CPU.Build.0 = Debug|Any CPU
		{76AC93B6-0DDC-413A-ABCA-82569C99595A}.Release|Any CPU.ActiveCfg = Release|Any CPU
		{76AC93B6-0DDC-413A-ABCA-82569C99595A}.Release|Any CPU.Build.0 = Release|Any CPU
		{957E7092-5C1F-45F7-A96F-14FDE062FA0A}.Debug|Any CPU.ActiveCfg = Debug|Any CPU
		{957E7092-5C1F-45F7-A96F-14FDE062FA0A}.Debug|Any CPU.Build.0 = Debug|Any CPU
		{957E7092-5C1F-45F7-A96F-14FDE062FA0A}.Release|Any CPU.ActiveCfg = Release|Any CPU
		{957E7092-5C1F-45F7-A96F-14FDE062FA0A}.Release|Any CPU.Build.0 = Release|Any CPU
		{EA029ECE-7923-4526-9F54-71055F7E157E}.Debug|Any CPU.ActiveCfg = Debug|Any CPU
		{EA029ECE-7923-4526-9F54-71055F7E157E}.Debug|Any CPU.Build.0 = Debug|Any CPU
		{EA029ECE-7923-4526-9F54-71055F7E157E}.Release|Any CPU.ActiveCfg = Release|Any CPU
		{EA029ECE-7923-4526-9F54-71055F7E157E}.Release|Any CPU.Build.0 = Release|Any CPU
		{EB77B083-549A-4B7C-AA5F-A8D63FA1DAC2}.Debug|Any CPU.ActiveCfg = Debug|Any CPU
		{EB77B083-549A-4B7C-AA5F-A8D63FA1DAC2}.Debug|Any CPU.Build.0 = Debug|Any CPU
		{EB77B083-549A-4B7C-AA5F-A8D63FA1DAC2}.Release|Any CPU.ActiveCfg = Release|Any CPU
		{EB77B083-549A-4B7C-AA5F-A8D63FA1DAC2}.Release|Any CPU.Build.0 = Release|Any CPU
		{7BBA60BD-5D62-45E7-AEE4-DE9AB1D448E6}.Debug|Any CPU.ActiveCfg = Debug|Any CPU
		{7BBA60BD-5D62-45E7-AEE4-DE9AB1D448E6}.Debug|Any CPU.Build.0 = Debug|Any CPU
		{7BBA60BD-5D62-45E7-AEE4-DE9AB1D448E6}.Release|Any CPU.ActiveCfg = Release|Any CPU
		{7BBA60BD-5D62-45E7-AEE4-DE9AB1D448E6}.Release|Any CPU.Build.0 = Release|Any CPU
		{02E6CED2-9B0C-4CEA-AB21-FE0B0EBC44B7}.Debug|Any CPU.ActiveCfg = Debug|Any CPU
		{02E6CED2-9B0C-4CEA-AB21-FE0B0EBC44B7}.Debug|Any CPU.Build.0 = Debug|Any CPU
		{02E6CED2-9B0C-4CEA-AB21-FE0B0EBC44B7}.Release|Any CPU.ActiveCfg = Release|Any CPU
		{02E6CED2-9B0C-4CEA-AB21-FE0B0EBC44B7}.Release|Any CPU.Build.0 = Release|Any CPU
		{3AD9F8C4-B8B2-4E47-B40D-A78817773C8C}.Debug|Any CPU.ActiveCfg = Debug|Any CPU
		{3AD9F8C4-B8B2-4E47-B40D-A78817773C8C}.Debug|Any CPU.Build.0 = Debug|Any CPU
		{3AD9F8C4-B8B2-4E47-B40D-A78817773C8C}.Release|Any CPU.ActiveCfg = Release|Any CPU
		{3AD9F8C4-B8B2-4E47-B40D-A78817773C8C}.Release|Any CPU.Build.0 = Release|Any CPU
		{E6C4F0C4-45C4-4097-9B3C-66F282D487DF}.Debug|Any CPU.ActiveCfg = Debug|Any CPU
		{E6C4F0C4-45C4-4097-9B3C-66F282D487DF}.Debug|Any CPU.Build.0 = Debug|Any CPU
		{E6C4F0C4-45C4-4097-9B3C-66F282D487DF}.Release|Any CPU.ActiveCfg = Release|Any CPU
		{E6C4F0C4-45C4-4097-9B3C-66F282D487DF}.Release|Any CPU.Build.0 = Release|Any CPU
		{C25AAB39-EC1C-492F-A67C-E513457B6964}.Debug|Any CPU.ActiveCfg = Debug|Any CPU
		{C25AAB39-EC1C-492F-A67C-E513457B6964}.Debug|Any CPU.Build.0 = Debug|Any CPU
		{C25AAB39-EC1C-492F-A67C-E513457B6964}.Release|Any CPU.ActiveCfg = Release|Any CPU
		{C25AAB39-EC1C-492F-A67C-E513457B6964}.Release|Any CPU.Build.0 = Release|Any CPU
		{B396506C-D013-47F2-BC88-2BB03892AF8C}.Debug|Any CPU.ActiveCfg = Debug|Any CPU
		{B396506C-D013-47F2-BC88-2BB03892AF8C}.Debug|Any CPU.Build.0 = Debug|Any CPU
		{B396506C-D013-47F2-BC88-2BB03892AF8C}.Release|Any CPU.ActiveCfg = Release|Any CPU
		{B396506C-D013-47F2-BC88-2BB03892AF8C}.Release|Any CPU.Build.0 = Release|Any CPU
		{51594AC0-75E7-487B-AF94-75CB5935322C}.Debug|Any CPU.ActiveCfg = Debug|Any CPU
		{51594AC0-75E7-487B-AF94-75CB5935322C}.Debug|Any CPU.Build.0 = Debug|Any CPU
		{51594AC0-75E7-487B-AF94-75CB5935322C}.Release|Any CPU.ActiveCfg = Release|Any CPU
		{51594AC0-75E7-487B-AF94-75CB5935322C}.Release|Any CPU.Build.0 = Release|Any CPU
		{14CE3850-B4BB-4363-B6EE-BBB5141DBC0D}.Debug|Any CPU.ActiveCfg = Debug|Any CPU
		{14CE3850-B4BB-4363-B6EE-BBB5141DBC0D}.Debug|Any CPU.Build.0 = Debug|Any CPU
		{14CE3850-B4BB-4363-B6EE-BBB5141DBC0D}.Release|Any CPU.ActiveCfg = Release|Any CPU
		{14CE3850-B4BB-4363-B6EE-BBB5141DBC0D}.Release|Any CPU.Build.0 = Release|Any CPU
	EndGlobalSection
	GlobalSection(SolutionProperties) = preSolution
		HideSolutionNode = FALSE
	EndGlobalSection
	GlobalSection(ExtensibilityGlobals) = postSolution
		SolutionGuid = {ACB3053D-4690-4830-AA8C-79DFA2E43C85}
	EndGlobalSection
EndGlobal
