
Microsoft Visual Studio Solution File, Format Version 12.00
# Visual Studio Version 16
VisualStudioVersion = 16.0.31129.286
MinimumVisualStudioVersion = 10.0.40219.1
Project("{FAE04EC0-301F-11D3-BF4B-00C04F79EFBC}") = "17-电话号码的字母组合", "17-电话号码的字母组合.csproj", "{BF3791D5-F365-47FC-95B4-3DF7C511B30E}"
EndProject
Global
	GlobalSection(SolutionConfigurationPlatforms) = preSolution
		Debug|Any CPU = Debug|Any CPU
		Release|Any CPU = Release|Any CPU
	EndGlobalSection
	GlobalSection(ProjectConfigurationPlatforms) = postSolution
		{BF3791D5-F365-47FC-95B4-3DF7C511B30E}.Debug|Any CPU.ActiveCfg = Debug|Any CPU
		{BF3791D5-F365-47FC-95B4-3DF7C511B30E}.Debug|Any CPU.Build.0 = Debug|Any CPU
		{BF3791D5-F365-47FC-95B4-3DF7C511B30E}.Release|Any CPU.ActiveCfg = Release|Any CPU
		{BF3791D5-F365-47FC-95B4-3DF7C511B30E}.Release|Any CPU.Build.0 = Release|Any CPU
	EndGlobalSection
	GlobalSection(SolutionProperties) = preSolution
		HideSolutionNode = FALSE
	EndGlobalSection
	GlobalSection(ExtensibilityGlobals) = postSolution
		SolutionGuid = {29FE0164-DB17-49C5-8462-294ABF50A0F0}
	EndGlobalSection
EndGlobal
