
Microsoft Visual Studio Solution File, Format Version 12.00
# Visual Studio Version 16
VisualStudioVersion = 16.0.31129.286
MinimumVisualStudioVersion = 10.0.40219.1
Project("{FAE04EC0-301F-11D3-BF4B-00C04F79EFBC}") = "171-Excel表列序号", "171-Excel表列序号.csproj", "{3605E4AB-7EF5-489B-84EE-B22EDFA1140D}"
EndProject
Global
	GlobalSection(SolutionConfigurationPlatforms) = preSolution
		Debug|Any CPU = Debug|Any CPU
		Release|Any CPU = Release|Any CPU
	EndGlobalSection
	GlobalSection(ProjectConfigurationPlatforms) = postSolution
		{3605E4AB-7EF5-489B-84EE-B22EDFA1140D}.Debug|Any CPU.ActiveCfg = Debug|Any CPU
		{3605E4AB-7EF5-489B-84EE-B22EDFA1140D}.Debug|Any CPU.Build.0 = Debug|Any CPU
		{3605E4AB-7EF5-489B-84EE-B22EDFA1140D}.Release|Any CPU.ActiveCfg = Release|Any CPU
		{3605E4AB-7EF5-489B-84EE-B22EDFA1140D}.Release|Any CPU.Build.0 = Release|Any CPU
	EndGlobalSection
	GlobalSection(SolutionProperties) = preSolution
		HideSolutionNode = FALSE
	EndGlobalSection
	GlobalSection(ExtensibilityGlobals) = postSolution
		SolutionGuid = {19026488-1D44-4EA7-BEA7-FC2D0403C907}
	EndGlobalSection
EndGlobal
