
Microsoft Visual Studio Solution File, Format Version 12.00
# Visual Studio Version 16
VisualStudioVersion = 16.0.31129.286
MinimumVisualStudioVersion = 10.0.40219.1
Project("{FAE04EC0-301F-11D3-BF4B-00C04F79EFBC}") = "205-同构字符串", "205-同构字符串.csproj", "{2FA51571-F294-45A6-897D-E7AE720C44CC}"
EndProject
Global
	GlobalSection(SolutionConfigurationPlatforms) = preSolution
		Debug|Any CPU = Debug|Any CPU
		Release|Any CPU = Release|Any CPU
	EndGlobalSection
	GlobalSection(ProjectConfigurationPlatforms) = postSolution
		{2FA51571-F294-45A6-897D-E7AE720C44CC}.Debug|Any CPU.ActiveCfg = Debug|Any CPU
		{2FA51571-F294-45A6-897D-E7AE720C44CC}.Debug|Any CPU.Build.0 = Debug|Any CPU
		{2FA51571-F294-45A6-897D-E7AE720C44CC}.Release|Any CPU.ActiveCfg = Release|Any CPU
		{2FA51571-F294-45A6-897D-E7AE720C44CC}.Release|Any CPU.Build.0 = Release|Any CPU
	EndGlobalSection
	GlobalSection(SolutionProperties) = preSolution
		HideSolutionNode = FALSE
	EndGlobalSection
	GlobalSection(ExtensibilityGlobals) = postSolution
		SolutionGuid = {EF6C0F6B-BEAB-4122-8376-4BE90CC8CA4B}
	EndGlobalSection
EndGlobal
