
Microsoft Visual Studio Solution File, Format Version 12.00
# Visual Studio Version 16
VisualStudioVersion = 16.0.31129.286
MinimumVisualStudioVersion = 10.0.40219.1
Project("{FAE04EC0-301F-11D3-BF4B-00C04F79EFBC}") = "204-计数质数", "204-计数质数.csproj", "{79B8DB83-4231-4BB5-96D9-FCAF8F1681E3}"
EndProject
Global
	GlobalSection(SolutionConfigurationPlatforms) = preSolution
		Debug|Any CPU = Debug|Any CPU
		Release|Any CPU = Release|Any CPU
	EndGlobalSection
	GlobalSection(ProjectConfigurationPlatforms) = postSolution
		{79B8DB83-4231-4BB5-96D9-FCAF8F1681E3}.Debug|Any CPU.ActiveCfg = Debug|Any CPU
		{79B8DB83-4231-4BB5-96D9-FCAF8F1681E3}.Debug|Any CPU.Build.0 = Debug|Any CPU
		{79B8DB83-4231-4BB5-96D9-FCAF8F1681E3}.Release|Any CPU.ActiveCfg = Release|Any CPU
		{79B8DB83-4231-4BB5-96D9-FCAF8F1681E3}.Release|Any CPU.Build.0 = Release|Any CPU
	EndGlobalSection
	GlobalSection(SolutionProperties) = preSolution
		HideSolutionNode = FALSE
	EndGlobalSection
	GlobalSection(ExtensibilityGlobals) = postSolution
		SolutionGuid = {87ADB14A-4E8C-4B9E-A116-2EE4EF75A13F}
	EndGlobalSection
EndGlobal
