
Microsoft Visual Studio Solution File, Format Version 12.00
# Visual Studio Version 16
VisualStudioVersion = 16.0.31129.286
MinimumVisualStudioVersion = 10.0.40219.1
Project("{FAE04EC0-301F-11D3-BF4B-00C04F79EFBC}") = "55-跳跃游戏", "55-跳跃游戏\55-跳跃游戏.csproj", "{55CFC318-566A-4428-8ECD-F898AC937934}"
EndProject
Global
	GlobalSection(SolutionConfigurationPlatforms) = preSolution
		Debug|Any CPU = Debug|Any CPU
		Release|Any CPU = Release|Any CPU
	EndGlobalSection
	GlobalSection(ProjectConfigurationPlatforms) = postSolution
		{55CFC318-566A-4428-8ECD-F898AC937934}.Debug|Any CPU.ActiveCfg = Debug|Any CPU
		{55CFC318-566A-4428-8ECD-F898AC937934}.Debug|Any CPU.Build.0 = Debug|Any CPU
		{55CFC318-566A-4428-8ECD-F898AC937934}.Release|Any CPU.ActiveCfg = Release|Any CPU
		{55CFC318-566A-4428-8ECD-F898AC937934}.Release|Any CPU.Build.0 = Release|Any CPU
	EndGlobalSection
	GlobalSection(SolutionProperties) = preSolution
		HideSolutionNode = FALSE
	EndGlobalSection
	GlobalSection(ExtensibilityGlobals) = postSolution
		SolutionGuid = {CEF2A5D6-23BC-48A1-9EFC-25C4F3CF7EE0}
	EndGlobalSection
EndGlobal
