
Microsoft Visual Studio Solution File, Format Version 12.00
# Visual Studio Version 16
VisualStudioVersion = 16.0.31129.286
MinimumVisualStudioVersion = 10.0.40219.1
Project("{FAE04EC0-301F-11D3-BF4B-00C04F79EFBC}") = "167-两数之和 II - 输入有序数组", "167-两数之和 II - 输入有序数组.csproj", "{019A12E0-0120-4379-AC33-DFC4F2134D37}"
EndProject
Global
	GlobalSection(SolutionConfigurationPlatforms) = preSolution
		Debug|Any CPU = Debug|Any CPU
		Release|Any CPU = Release|Any CPU
	EndGlobalSection
	GlobalSection(ProjectConfigurationPlatforms) = postSolution
		{019A12E0-0120-4379-AC33-DFC4F2134D37}.Debug|Any CPU.ActiveCfg = Debug|Any CPU
		{019A12E0-0120-4379-AC33-DFC4F2134D37}.Debug|Any CPU.Build.0 = Debug|Any CPU
		{019A12E0-0120-4379-AC33-DFC4F2134D37}.Release|Any CPU.ActiveCfg = Release|Any CPU
		{019A12E0-0120-4379-AC33-DFC4F2134D37}.Release|Any CPU.Build.0 = Release|Any CPU
	EndGlobalSection
	GlobalSection(SolutionProperties) = preSolution
		HideSolutionNode = FALSE
	EndGlobalSection
	GlobalSection(ExtensibilityGlobals) = postSolution
		SolutionGuid = {3D985C8E-AED9-4D1D-992F-654C1A279E8B}
	EndGlobalSection
EndGlobal
