
Microsoft Visual Studio Solution File, Format Version 12.00
# Visual Studio Version 16
VisualStudioVersion = 16.0.31129.286
MinimumVisualStudioVersion = 10.0.40219.1
Project("{9A19103F-16F7-4668-BE54-9A1E7A4F7556}") = "118-杨辉三角", "118-杨辉三角\118-杨辉三角.csproj", "{58C0C279-5B30-4376-8F1A-AF0E16267B53}"
EndProject
Project("{FAE04EC0-301F-11D3-BF4B-00C04F79EFBC}") = "119-杨辉三角2", "..\119-杨辉三角2\119-杨辉三角2.csproj", "{7E53D8F4-A213-4B76-B239-91CA561DB909}"
EndProject
Global
	GlobalSection(SolutionConfigurationPlatforms) = preSolution
		Debug|Any CPU = Debug|Any CPU
		Release|Any CPU = Release|Any CPU
	EndGlobalSection
	GlobalSection(ProjectConfigurationPlatforms) = postSolution
		{58C0C279-5B30-4376-8F1A-AF0E16267B53}.Debug|Any CPU.ActiveCfg = Debug|Any CPU
		{58C0C279-5B30-4376-8F1A-AF0E16267B53}.Debug|Any CPU.Build.0 = Debug|Any CPU
		{58C0C279-5B30-4376-8F1A-AF0E16267B53}.Release|Any CPU.ActiveCfg = Release|Any CPU
		{58C0C279-5B30-4376-8F1A-AF0E16267B53}.Release|Any CPU.Build.0 = Release|Any CPU
		{7E53D8F4-A213-4B76-B239-91CA561DB909}.Debug|Any CPU.ActiveCfg = Debug|Any CPU
		{7E53D8F4-A213-4B76-B239-91CA561DB909}.Debug|Any CPU.Build.0 = Debug|Any CPU
		{7E53D8F4-A213-4B76-B239-91CA561DB909}.Release|Any CPU.ActiveCfg = Release|Any CPU
		{7E53D8F4-A213-4B76-B239-91CA561DB909}.Release|Any CPU.Build.0 = Release|Any CPU
	EndGlobalSection
	GlobalSection(SolutionProperties) = preSolution
		HideSolutionNode = FALSE
	EndGlobalSection
	GlobalSection(ExtensibilityGlobals) = postSolution
		SolutionGuid = {D60BB0B4-0767-4DE6-B12E-F8C916EF0585}
	EndGlobalSection
EndGlobal
